
Microsoft Visual Studio Solution File, Format Version 12.00
# Visual Studio 2012
Project("{8BC9CEB8-8B4A-11D0-8D11-00A0C91BC942}") = "Euler023", "Euler023\Euler023.vcxproj", "{ADC505F6-9A66-4255-AB58-C024EB69578B}"
	ProjectSection(ProjectDependencies) = postProject
		{8F9FCEEC-9CCB-4E1D-8EDB-2D724247181A} = {8F9FCEEC-9CCB-4E1D-8EDB-2D724247181A}
	EndProjectSection
EndProject
Project("{8BC9CEB8-8B4A-11D0-8D11-00A0C91BC942}") = "EulerShared", "SharedFunctions\SharedFunctions.vcxproj", "{8F9FCEEC-9CCB-4E1D-8EDB-2D724247181A}"
EndProject
Project("{8BC9CEB8-8B4A-11D0-8D11-00A0C91BC942}") = "EulerRunner", "EulerRunner\EulerRunner.vcxproj", "{0B8770C7-5CA5-4F45-9A1A-EEDDC0B823EC}"
	ProjectSection(ProjectDependencies) = postProject
		{24961428-ABA5-493F-9D52-A80C93650881} = {24961428-ABA5-493F-9D52-A80C93650881}
		{FAABD744-ED4C-4566-9B41-B7CCDA496AEA} = {FAABD744-ED4C-4566-9B41-B7CCDA496AEA}
		{32138A5A-569E-4531-82C2-90FC0A1BDE5D} = {32138A5A-569E-4531-82C2-90FC0A1BDE5D}
		{18074F90-3043-4775-9B8F-6BD5235736E4} = {18074F90-3043-4775-9B8F-6BD5235736E4}
		{FDBFE596-17BE-4320-9BC2-9447248BE5A7} = {FDBFE596-17BE-4320-9BC2-9447248BE5A7}
		{7F12E2A2-2257-4EF3-93A9-6C68CA2B74CD} = {7F12E2A2-2257-4EF3-93A9-6C68CA2B74CD}
		{85F4E8C5-50D4-4C7C-8A09-761A85659604} = {85F4E8C5-50D4-4C7C-8A09-761A85659604}
		{5D2E3CD5-704A-4F90-90EA-0ED44B88AB37} = {5D2E3CD5-704A-4F90-90EA-0ED44B88AB37}
		{ADC505F6-9A66-4255-AB58-C024EB69578B} = {ADC505F6-9A66-4255-AB58-C024EB69578B}
	EndProjectSection
EndProject
Project("{2150E333-8FDC-42A3-9474-1A3956D46DE8}") = "Questions1-100", "Questions1-100", "{B121C5C0-321A-46CE-8523-495596B1F50A}"
EndProject
Project("{8BC9CEB8-8B4A-11D0-8D11-00A0C91BC942}") = "Euler032", "Euler032\Euler032.vcxproj", "{7F12E2A2-2257-4EF3-93A9-6C68CA2B74CD}"
	ProjectSection(ProjectDependencies) = postProject
		{8F9FCEEC-9CCB-4E1D-8EDB-2D724247181A} = {8F9FCEEC-9CCB-4E1D-8EDB-2D724247181A}
	EndProjectSection
EndProject
Project("{8BC9CEB8-8B4A-11D0-8D11-00A0C91BC942}") = "Euler031", "Euler031\Euler031.vcxproj", "{FAABD744-ED4C-4566-9B41-B7CCDA496AEA}"
	ProjectSection(ProjectDependencies) = postProject
		{8F9FCEEC-9CCB-4E1D-8EDB-2D724247181A} = {8F9FCEEC-9CCB-4E1D-8EDB-2D724247181A}
	EndProjectSection
EndProject
Project("{8BC9CEB8-8B4A-11D0-8D11-00A0C91BC942}") = "Euler041", "Euler041\Euler041.vcxproj", "{24961428-ABA5-493F-9D52-A80C93650881}"
	ProjectSection(ProjectDependencies) = postProject
		{8F9FCEEC-9CCB-4E1D-8EDB-2D724247181A} = {8F9FCEEC-9CCB-4E1D-8EDB-2D724247181A}
	EndProjectSection
EndProject
Project("{8BC9CEB8-8B4A-11D0-8D11-00A0C91BC942}") = "Euler026", "Euler026\Euler026.vcxproj", "{FDBFE596-17BE-4320-9BC2-9447248BE5A7}"
	ProjectSection(ProjectDependencies) = postProject
		{8F9FCEEC-9CCB-4E1D-8EDB-2D724247181A} = {8F9FCEEC-9CCB-4E1D-8EDB-2D724247181A}
	EndProjectSection
EndProject
Project("{8BC9CEB8-8B4A-11D0-8D11-00A0C91BC942}") = "Euler012", "Euler012\Euler012.vcxproj", "{18074F90-3043-4775-9B8F-6BD5235736E4}"
	ProjectSection(ProjectDependencies) = postProject
		{8F9FCEEC-9CCB-4E1D-8EDB-2D724247181A} = {8F9FCEEC-9CCB-4E1D-8EDB-2D724247181A}
	EndProjectSection
EndProject
Project("{8BC9CEB8-8B4A-11D0-8D11-00A0C91BC942}") = "Euler011", "Euler011\Euler011.vcxproj", "{32138A5A-569E-4531-82C2-90FC0A1BDE5D}"
	ProjectSection(ProjectDependencies) = postProject
		{8F9FCEEC-9CCB-4E1D-8EDB-2D724247181A} = {8F9FCEEC-9CCB-4E1D-8EDB-2D724247181A}
	EndProjectSection
EndProject
Project("{8BC9CEB8-8B4A-11D0-8D11-00A0C91BC942}") = "Euler014", "Euler014\Euler014.vcxproj", "{85F4E8C5-50D4-4C7C-8A09-761A85659604}"
	ProjectSection(ProjectDependencies) = postProject
		{8F9FCEEC-9CCB-4E1D-8EDB-2D724247181A} = {8F9FCEEC-9CCB-4E1D-8EDB-2D724247181A}
	EndProjectSection
EndProject
Project("{8BC9CEB8-8B4A-11D0-8D11-00A0C91BC942}") = "Euler001-010", "Euler001-010\Euler001-010.vcxproj", "{5D2E3CD5-704A-4F90-90EA-0ED44B88AB37}"
	ProjectSection(ProjectDependencies) = postProject
		{8F9FCEEC-9CCB-4E1D-8EDB-2D724247181A} = {8F9FCEEC-9CCB-4E1D-8EDB-2D724247181A}
	EndProjectSection
EndProject
Project("{8BC9CEB8-8B4A-11D0-8D11-00A0C91BC942}") = "Euler013", "Euler013\Euler013.vcxproj", "{3585B03F-FA5C-4D14-AF59-49DE5BF46EB1}"
EndProject
Global
	GlobalSection(SolutionConfigurationPlatforms) = preSolution
		Debug|Win32 = Debug|Win32
		Release|Win32 = Release|Win32
	EndGlobalSection
	GlobalSection(ProjectConfigurationPlatforms) = postSolution
		{ADC505F6-9A66-4255-AB58-C024EB69578B}.Debug|Win32.ActiveCfg = Debug|Win32
		{ADC505F6-9A66-4255-AB58-C024EB69578B}.Debug|Win32.Build.0 = Debug|Win32
		{ADC505F6-9A66-4255-AB58-C024EB69578B}.Release|Win32.ActiveCfg = Release|Win32
		{ADC505F6-9A66-4255-AB58-C024EB69578B}.Release|Win32.Build.0 = Release|Win32
		{8F9FCEEC-9CCB-4E1D-8EDB-2D724247181A}.Debug|Win32.ActiveCfg = Debug|Win32
		{8F9FCEEC-9CCB-4E1D-8EDB-2D724247181A}.Debug|Win32.Build.0 = Debug|Win32
		{8F9FCEEC-9CCB-4E1D-8EDB-2D724247181A}.Release|Win32.ActiveCfg = Release|Win32
		{8F9FCEEC-9CCB-4E1D-8EDB-2D724247181A}.Release|Win32.Build.0 = Release|Win32
		{0B8770C7-5CA5-4F45-9A1A-EEDDC0B823EC}.Debug|Win32.ActiveCfg = Debug|Win32
		{0B8770C7-5CA5-4F45-9A1A-EEDDC0B823EC}.Debug|Win32.Build.0 = Debug|Win32
		{0B8770C7-5CA5-4F45-9A1A-EEDDC0B823EC}.Release|Win32.ActiveCfg = Release|Win32
		{0B8770C7-5CA5-4F45-9A1A-EEDDC0B823EC}.Release|Win32.Build.0 = Release|Win32
		{7F12E2A2-2257-4EF3-93A9-6C68CA2B74CD}.Debug|Win32.ActiveCfg = Debug|Win32
		{7F12E2A2-2257-4EF3-93A9-6C68CA2B74CD}.Debug|Win32.Build.0 = Debug|Win32
		{7F12E2A2-2257-4EF3-93A9-6C68CA2B74CD}.Release|Win32.ActiveCfg = Release|Win32
		{7F12E2A2-2257-4EF3-93A9-6C68CA2B74CD}.Release|Win32.Build.0 = Release|Win32
		{FAABD744-ED4C-4566-9B41-B7CCDA496AEA}.Debug|Win32.ActiveCfg = Debug|Win32
		{FAABD744-ED4C-4566-9B41-B7CCDA496AEA}.Debug|Win32.Build.0 = Debug|Win32
		{FAABD744-ED4C-4566-9B41-B7CCDA496AEA}.Release|Win32.ActiveCfg = Release|Win32
		{FAABD744-ED4C-4566-9B41-B7CCDA496AEA}.Release|Win32.Build.0 = Release|Win32
		{24961428-ABA5-493F-9D52-A80C93650881}.Debug|Win32.ActiveCfg = Debug|Win32
		{24961428-ABA5-493F-9D52-A80C93650881}.Debug|Win32.Build.0 = Debug|Win32
		{24961428-ABA5-493F-9D52-A80C93650881}.Release|Win32.ActiveCfg = Release|Win32
		{24961428-ABA5-493F-9D52-A80C93650881}.Release|Win32.Build.0 = Release|Win32
		{FDBFE596-17BE-4320-9BC2-9447248BE5A7}.Debug|Win32.ActiveCfg = Debug|Win32
		{FDBFE596-17BE-4320-9BC2-9447248BE5A7}.Debug|Win32.Build.0 = Debug|Win32
		{FDBFE596-17BE-4320-9BC2-9447248BE5A7}.Release|Win32.ActiveCfg = Release|Win32
		{FDBFE596-17BE-4320-9BC2-9447248BE5A7}.Release|Win32.Build.0 = Release|Win32
		{18074F90-3043-4775-9B8F-6BD5235736E4}.Debug|Win32.ActiveCfg = Debug|Win32
		{18074F90-3043-4775-9B8F-6BD5235736E4}.Debug|Win32.Build.0 = Debug|Win32
		{18074F90-3043-4775-9B8F-6BD5235736E4}.Release|Win32.ActiveCfg = Release|Win32
		{18074F90-3043-4775-9B8F-6BD5235736E4}.Release|Win32.Build.0 = Release|Win32
		{32138A5A-569E-4531-82C2-90FC0A1BDE5D}.Debug|Win32.ActiveCfg = Debug|Win32
		{32138A5A-569E-4531-82C2-90FC0A1BDE5D}.Debug|Win32.Build.0 = Debug|Win32
		{32138A5A-569E-4531-82C2-90FC0A1BDE5D}.Release|Win32.ActiveCfg = Release|Win32
		{32138A5A-569E-4531-82C2-90FC0A1BDE5D}.Release|Win32.Build.0 = Release|Win32
		{85F4E8C5-50D4-4C7C-8A09-761A85659604}.Debug|Win32.ActiveCfg = Debug|Win32
		{85F4E8C5-50D4-4C7C-8A09-761A85659604}.Debug|Win32.Build.0 = Debug|Win32
		{85F4E8C5-50D4-4C7C-8A09-761A85659604}.Release|Win32.ActiveCfg = Release|Win32
		{85F4E8C5-50D4-4C7C-8A09-761A85659604}.Release|Win32.Build.0 = Release|Win32
		{5D2E3CD5-704A-4F90-90EA-0ED44B88AB37}.Debug|Win32.ActiveCfg = Debug|Win32
		{5D2E3CD5-704A-4F90-90EA-0ED44B88AB37}.Debug|Win32.Build.0 = Debug|Win32
		{5D2E3CD5-704A-4F90-90EA-0ED44B88AB37}.Release|Win32.ActiveCfg = Release|Win32
		{5D2E3CD5-704A-4F90-90EA-0ED44B88AB37}.Release|Win32.Build.0 = Release|Win32
		{3585B03F-FA5C-4D14-AF59-49DE5BF46EB1}.Debug|Win32.ActiveCfg = Debug|Win32
		{3585B03F-FA5C-4D14-AF59-49DE5BF46EB1}.Debug|Win32.Build.0 = Debug|Win32
		{3585B03F-FA5C-4D14-AF59-49DE5BF46EB1}.Release|Win32.ActiveCfg = Release|Win32
		{3585B03F-FA5C-4D14-AF59-49DE5BF46EB1}.Release|Win32.Build.0 = Release|Win32
	EndGlobalSection
	GlobalSection(SolutionProperties) = preSolution
		HideSolutionNode = FALSE
	EndGlobalSection
	GlobalSection(NestedProjects) = preSolution
		{ADC505F6-9A66-4255-AB58-C024EB69578B} = {B121C5C0-321A-46CE-8523-495596B1F50A}
		{7F12E2A2-2257-4EF3-93A9-6C68CA2B74CD} = {B121C5C0-321A-46CE-8523-495596B1F50A}
		{FAABD744-ED4C-4566-9B41-B7CCDA496AEA} = {B121C5C0-321A-46CE-8523-495596B1F50A}
		{24961428-ABA5-493F-9D52-A80C93650881} = {B121C5C0-321A-46CE-8523-495596B1F50A}
		{FDBFE596-17BE-4320-9BC2-9447248BE5A7} = {B121C5C0-321A-46CE-8523-495596B1F50A}
		{18074F90-3043-4775-9B8F-6BD5235736E4} = {B121C5C0-321A-46CE-8523-495596B1F50A}
		{32138A5A-569E-4531-82C2-90FC0A1BDE5D} = {B121C5C0-321A-46CE-8523-495596B1F50A}
		{85F4E8C5-50D4-4C7C-8A09-761A85659604} = {B121C5C0-321A-46CE-8523-495596B1F50A}
		{5D2E3CD5-704A-4F90-90EA-0ED44B88AB37} = {B121C5C0-321A-46CE-8523-495596B1F50A}
		{3585B03F-FA5C-4D14-AF59-49DE5BF46EB1} = {B121C5C0-321A-46CE-8523-495596B1F50A}
	EndGlobalSection
EndGlobal
